
Microsoft Visual Studio Solution File, Format Version 12.00
# Visual Studio Version 16
VisualStudioVersion = 16.0.29728.190
MinimumVisualStudioVersion = 10.0.40219.1
Project("{8BC9CEB8-8B4A-11D0-8D11-00A0C91BC942}") = "달팽이는 올라가고싶다", "달팽이는 올라가고싶다\달팽이는 올라가고싶다.vcxproj", "{FABDE3FC-0B08-4202-B63A-D9B997D60EA0}"
EndProject
Global
	GlobalSection(SolutionConfigurationPlatforms) = preSolution
		Debug|x64 = Debug|x64
		Debug|x86 = Debug|x86
		Release|x64 = Release|x64
		Release|x86 = Release|x86
	EndGlobalSection
	GlobalSection(ProjectConfigurationPlatforms) = postSolution
		{FABDE3FC-0B08-4202-B63A-D9B997D60EA0}.Debug|x64.ActiveCfg = Debug|x64
		{FABDE3FC-0B08-4202-B63A-D9B997D60EA0}.Debug|x64.Build.0 = Debug|x64
		{FABDE3FC-0B08-4202-B63A-D9B997D60EA0}.Debug|x86.ActiveCfg = Debug|Win32
		{FABDE3FC-0B08-4202-B63A-D9B997D60EA0}.Debug|x86.Build.0 = Debug|Win32
		{FABDE3FC-0B08-4202-B63A-D9B997D60EA0}.Release|x64.ActiveCfg = Release|x64
		{FABDE3FC-0B08-4202-B63A-D9B997D60EA0}.Release|x64.Build.0 = Release|x64
		{FABDE3FC-0B08-4202-B63A-D9B997D60EA0}.Release|x86.ActiveCfg = Release|Win32
		{FABDE3FC-0B08-4202-B63A-D9B997D60EA0}.Release|x86.Build.0 = Release|Win32
	EndGlobalSection
	GlobalSection(SolutionProperties) = preSolution
		HideSolutionNode = FALSE
	EndGlobalSection
	GlobalSection(ExtensibilityGlobals) = postSolution
		SolutionGuid = {2FAFD1A7-6D38-4F6E-99D7-F9007D563D62}
	EndGlobalSection
EndGlobal
